
Microsoft Visual Studio Solution File, Format Version 12.00
# Visual Studio Version 17
VisualStudioVersion = 17.3.32922.545
MinimumVisualStudioVersion = 10.0.40219.1
Project("{9A19103F-16F7-4668-BE54-9A1E7A4F7556}") = "MWO6", "MWO6.csproj", "{FC629DBB-3C95-4647-8377-24E556E79C81}"
EndProject
Project("{FAE04EC0-301F-11D3-BF4B-00C04F79EFBC}") = "TestProject1", "..\TestProject1\TestProject1.csproj", "{077F6E9E-656B-4679-9519-7AC90A90EA16}"
EndProject
Global
	GlobalSection(SolutionConfigurationPlatforms) = preSolution
		Debug|Any CPU = Debug|Any CPU
		Release|Any CPU = Release|Any CPU
	EndGlobalSection
	GlobalSection(ProjectConfigurationPlatforms) = postSolution
		{FC629DBB-3C95-4647-8377-24E556E79C81}.Debug|Any CPU.ActiveCfg = Debug|Any CPU
		{FC629DBB-3C95-4647-8377-24E556E79C81}.Debug|Any CPU.Build.0 = Debug|Any CPU
		{FC629DBB-3C95-4647-8377-24E556E79C81}.Release|Any CPU.ActiveCfg = Release|Any CPU
		{FC629DBB-3C95-4647-8377-24E556E79C81}.Release|Any CPU.Build.0 = Release|Any CPU
		{077F6E9E-656B-4679-9519-7AC90A90EA16}.Debug|Any CPU.ActiveCfg = Debug|Any CPU
		{077F6E9E-656B-4679-9519-7AC90A90EA16}.Debug|Any CPU.Build.0 = Debug|Any CPU
		{077F6E9E-656B-4679-9519-7AC90A90EA16}.Release|Any CPU.ActiveCfg = Release|Any CPU
		{077F6E9E-656B-4679-9519-7AC90A90EA16}.Release|Any CPU.Build.0 = Release|Any CPU
	EndGlobalSection
	GlobalSection(SolutionProperties) = preSolution
		HideSolutionNode = FALSE
	EndGlobalSection
	GlobalSection(ExtensibilityGlobals) = postSolution
		SolutionGuid = {86324A8E-E314-4E42-BA93-C6BF7FA30A27}
	EndGlobalSection
EndGlobal
